// !$*UTF8*$!
{
	archiveVersion = 1;
	classes = {
	};
	objectVersion = 46;
	objects = {

/* Begin PBXBuildFile section */
		290F5E611CED53A7001AEC33 /* AsyncButton.swift in Sources */ = {isa = PBXBuildFile; fileRef = 290F5E431CED53A7001AEC33 /* AsyncButton.swift */; };
		290F5E621CED53A7001AEC33 /* AsyncImageView.swift in Sources */ = {isa = PBXBuildFile; fileRef = 290F5E441CED53A7001AEC33 /* AsyncImageView.swift */; };
		290F5E631CED53A7001AEC33 /* AutoTextView.swift in Sources */ = {isa = PBXBuildFile; fileRef = 290F5E451CED53A7001AEC33 /* AutoTextView.swift */; };
		290F5E641CED53A7001AEC33 /* BlurView.swift in Sources */ = {isa = PBXBuildFile; fileRef = 290F5E461CED53A7001AEC33 /* BlurView.swift */; };
		290F5E651CED53A7001AEC33 /* DesignableButton.swift in Sources */ = {isa = PBXBuildFile; fileRef = 290F5E471CED53A7001AEC33 /* DesignableButton.swift */; };
		290F5E661CED53A7001AEC33 /* DesignableImageView.swift in Sources */ = {isa = PBXBuildFile; fileRef = 290F5E481CED53A7001AEC33 /* DesignableImageView.swift */; };
		290F5E671CED53A7001AEC33 /* DesignableLabel.swift in Sources */ = {isa = PBXBuildFile; fileRef = 290F5E491CED53A7001AEC33 /* DesignableLabel.swift */; };
		290F5E681CED53A7001AEC33 /* DesignableTabBarController.swift in Sources */ = {isa = PBXBuildFile; fileRef = 290F5E4A1CED53A7001AEC33 /* DesignableTabBarController.swift */; };
		290F5E691CED53A7001AEC33 /* DesignableTextField.swift in Sources */ = {isa = PBXBuildFile; fileRef = 290F5E4B1CED53A7001AEC33 /* DesignableTextField.swift */; };
		290F5E6A1CED53A7001AEC33 /* DesignableTextView.swift in Sources */ = {isa = PBXBuildFile; fileRef = 290F5E4C1CED53A7001AEC33 /* DesignableTextView.swift */; };
		290F5E6B1CED53A7001AEC33 /* DesignableView.swift in Sources */ = {isa = PBXBuildFile; fileRef = 290F5E4D1CED53A7001AEC33 /* DesignableView.swift */; };
		290F5E6C1CED53A7001AEC33 /* ImageLoader.swift in Sources */ = {isa = PBXBuildFile; fileRef = 290F5E4E1CED53A7001AEC33 /* ImageLoader.swift */; };
		290F5E6D1CED53A7001AEC33 /* Info.plist in Resources */ = {isa = PBXBuildFile; fileRef = 290F5E4F1CED53A7001AEC33 /* Info.plist */; };
		290F5E6E1CED53A7001AEC33 /* KeyboardLayoutConstraint.swift in Sources */ = {isa = PBXBuildFile; fileRef = 290F5E501CED53A7001AEC33 /* KeyboardLayoutConstraint.swift */; };
		290F5E6F1CED53A7001AEC33 /* LoadingView.swift in Sources */ = {isa = PBXBuildFile; fileRef = 290F5E511CED53A7001AEC33 /* LoadingView.swift */; };
		290F5E701CED53A7001AEC33 /* LoadingView.xib in Resources */ = {isa = PBXBuildFile; fileRef = 290F5E521CED53A7001AEC33 /* LoadingView.xib */; };
		290F5E711CED53A7001AEC33 /* Misc.swift in Sources */ = {isa = PBXBuildFile; fileRef = 290F5E531CED53A7001AEC33 /* Misc.swift */; };
		290F5E721CED53A7001AEC33 /* SoundPlayer.swift in Sources */ = {isa = PBXBuildFile; fileRef = 290F5E541CED53A7001AEC33 /* SoundPlayer.swift */; };
		290F5E731CED53A7001AEC33 /* Spring.swift in Sources */ = {isa = PBXBuildFile; fileRef = 290F5E561CED53A7001AEC33 /* Spring.swift */; };
		290F5E741CED53A7001AEC33 /* SpringAnimation.swift in Sources */ = {isa = PBXBuildFile; fileRef = 290F5E571CED53A7001AEC33 /* SpringAnimation.swift */; };
		290F5E751CED53A7001AEC33 /* SpringButton.swift in Sources */ = {isa = PBXBuildFile; fileRef = 290F5E581CED53A7001AEC33 /* SpringButton.swift */; };
		290F5E761CED53A7001AEC33 /* SpringImageView.swift in Sources */ = {isa = PBXBuildFile; fileRef = 290F5E591CED53A7001AEC33 /* SpringImageView.swift */; };
		290F5E771CED53A7001AEC33 /* SpringLabel.swift in Sources */ = {isa = PBXBuildFile; fileRef = 290F5E5A1CED53A7001AEC33 /* SpringLabel.swift */; };
		290F5E781CED53A7001AEC33 /* SpringTextField.swift in Sources */ = {isa = PBXBuildFile; fileRef = 290F5E5B1CED53A7001AEC33 /* SpringTextField.swift */; };
		290F5E791CED53A7001AEC33 /* SpringTextView.swift in Sources */ = {isa = PBXBuildFile; fileRef = 290F5E5C1CED53A7001AEC33 /* SpringTextView.swift */; };
		290F5E7A1CED53A7001AEC33 /* SpringView.swift in Sources */ = {isa = PBXBuildFile; fileRef = 290F5E5D1CED53A7001AEC33 /* SpringView.swift */; };
		290F5E7B1CED53A7001AEC33 /* TransitionManager.swift in Sources */ = {isa = PBXBuildFile; fileRef = 290F5E5E1CED53A7001AEC33 /* TransitionManager.swift */; };
		290F5E7C1CED53A7001AEC33 /* TransitionZoom.swift in Sources */ = {isa = PBXBuildFile; fileRef = 290F5E5F1CED53A7001AEC33 /* TransitionZoom.swift */; };
		290F5E7D1CED53A7001AEC33 /* UnwindSegue.swift in Sources */ = {isa = PBXBuildFile; fileRef = 290F5E601CED53A7001AEC33 /* UnwindSegue.swift */; };
		2913E9731CEDA2DC00AD6707 /* TableViewController.swift in Sources */ = {isa = PBXBuildFile; fileRef = 2913E9721CEDA2DC00AD6707 /* TableViewController.swift */; };
		2945FFBD1CED82820081FE3C /* refugeeCell.swift in Sources */ = {isa = PBXBuildFile; fileRef = 2945FFBB1CED82820081FE3C /* refugeeCell.swift */; };
		2945FFBE1CED82820081FE3C /* refugeeCell.xib in Resources */ = {isa = PBXBuildFile; fileRef = 2945FFBC1CED82820081FE3C /* refugeeCell.xib */; };
		299552AD1CED4505006DE0BB /* AppDelegate.swift in Sources */ = {isa = PBXBuildFile; fileRef = 299552AC1CED4505006DE0BB /* AppDelegate.swift */; };
		299552B21CED4505006DE0BB /* Main.storyboard in Resources */ = {isa = PBXBuildFile; fileRef = 299552B01CED4505006DE0BB /* Main.storyboard */; };
		299552B41CED4506006DE0BB /* Assets.xcassets in Resources */ = {isa = PBXBuildFile; fileRef = 299552B31CED4506006DE0BB /* Assets.xcassets */; };
		299552B71CED4506006DE0BB /* LaunchScreen.storyboard in Resources */ = {isa = PBXBuildFile; fileRef = 299552B51CED4506006DE0BB /* LaunchScreen.storyboard */; };
/* End PBXBuildFile section */

/* Begin PBXFileReference section */
		290F5E431CED53A7001AEC33 /* AsyncButton.swift */ = {isa = PBXFileReference; fileEncoding = 4; lastKnownFileType = sourcecode.swift; path = AsyncButton.swift; sourceTree = "<group>"; };
		290F5E441CED53A7001AEC33 /* AsyncImageView.swift */ = {isa = PBXFileReference; fileEncoding = 4; lastKnownFileType = sourcecode.swift; path = AsyncImageView.swift; sourceTree = "<group>"; };
		290F5E451CED53A7001AEC33 /* AutoTextView.swift */ = {isa = PBXFileReference; fileEncoding = 4; lastKnownFileType = sourcecode.swift; path = AutoTextView.swift; sourceTree = "<group>"; };
		290F5E461CED53A7001AEC33 /* BlurView.swift */ = {isa = PBXFileReference; fileEncoding = 4; lastKnownFileType = sourcecode.swift; path = BlurView.swift; sourceTree = "<group>"; };
		290F5E471CED53A7001AEC33 /* DesignableButton.swift */ = {isa = PBXFileReference; fileEncoding = 4; lastKnownFileType = sourcecode.swift; path = DesignableButton.swift; sourceTree = "<group>"; };
		290F5E481CED53A7001AEC33 /* DesignableImageView.swift */ = {isa = PBXFileReference; fileEncoding = 4; lastKnownFileType = sourcecode.swift; path = DesignableImageView.swift; sourceTree = "<group>"; };
		290F5E491CED53A7001AEC33 /* DesignableLabel.swift */ = {isa = PBXFileReference; fileEncoding = 4; lastKnownFileType = sourcecode.swift; path = DesignableLabel.swift; sourceTree = "<group>"; };
		290F5E4A1CED53A7001AEC33 /* DesignableTabBarController.swift */ = {isa = PBXFileReference; fileEncoding = 4; lastKnownFileType = sourcecode.swift; path = DesignableTabBarController.swift; sourceTree = "<group>"; };
		290F5E4B1CED53A7001AEC33 /* DesignableTextField.swift */ = {isa = PBXFileReference; fileEncoding = 4; lastKnownFileType = sourcecode.swift; path = DesignableTextField.swift; sourceTree = "<group>"; };
		290F5E4C1CED53A7001AEC33 /* DesignableTextView.swift */ = {isa = PBXFileReference; fileEncoding = 4; lastKnownFileType = sourcecode.swift; path = DesignableTextView.swift; sourceTree = "<group>"; };
		290F5E4D1CED53A7001AEC33 /* DesignableView.swift */ = {isa = PBXFileReference; fileEncoding = 4; lastKnownFileType = sourcecode.swift; path = DesignableView.swift; sourceTree = "<group>"; };
		290F5E4E1CED53A7001AEC33 /* ImageLoader.swift */ = {isa = PBXFileReference; fileEncoding = 4; lastKnownFileType = sourcecode.swift; path = ImageLoader.swift; sourceTree = "<group>"; };
		290F5E4F1CED53A7001AEC33 /* Info.plist */ = {isa = PBXFileReference; fileEncoding = 4; lastKnownFileType = text.plist.xml; path = Info.plist; sourceTree = "<group>"; };
		290F5E501CED53A7001AEC33 /* KeyboardLayoutConstraint.swift */ = {isa = PBXFileReference; fileEncoding = 4; lastKnownFileType = sourcecode.swift; path = KeyboardLayoutConstraint.swift; sourceTree = "<group>"; };
		290F5E511CED53A7001AEC33 /* LoadingView.swift */ = {isa = PBXFileReference; fileEncoding = 4; lastKnownFileType = sourcecode.swift; path = LoadingView.swift; sourceTree = "<group>"; };
		290F5E521CED53A7001AEC33 /* LoadingView.xib */ = {isa = PBXFileReference; fileEncoding = 4; lastKnownFileType = file.xib; path = LoadingView.xib; sourceTree = "<group>"; };
		290F5E531CED53A7001AEC33 /* Misc.swift */ = {isa = PBXFileReference; fileEncoding = 4; lastKnownFileType = sourcecode.swift; path = Misc.swift; sourceTree = "<group>"; };
		290F5E541CED53A7001AEC33 /* SoundPlayer.swift */ = {isa = PBXFileReference; fileEncoding = 4; lastKnownFileType = sourcecode.swift; path = SoundPlayer.swift; sourceTree = "<group>"; };
		290F5E551CED53A7001AEC33 /* Spring.h */ = {isa = PBXFileReference; fileEncoding = 4; lastKnownFileType = sourcecode.c.h; path = Spring.h; sourceTree = "<group>"; };
		290F5E561CED53A7001AEC33 /* Spring.swift */ = {isa = PBXFileReference; fileEncoding = 4; lastKnownFileType = sourcecode.swift; path = Spring.swift; sourceTree = "<group>"; };
		290F5E571CED53A7001AEC33 /* SpringAnimation.swift */ = {isa = PBXFileReference; fileEncoding = 4; lastKnownFileType = sourcecode.swift; path = SpringAnimation.swift; sourceTree = "<group>"; };
		290F5E581CED53A7001AEC33 /* SpringButton.swift */ = {isa = PBXFileReference; fileEncoding = 4; lastKnownFileType = sourcecode.swift; path = SpringButton.swift; sourceTree = "<group>"; };
		290F5E591CED53A7001AEC33 /* SpringImageView.swift */ = {isa = PBXFileReference; fileEncoding = 4; lastKnownFileType = sourcecode.swift; path = SpringImageView.swift; sourceTree = "<group>"; };
		290F5E5A1CED53A7001AEC33 /* SpringLabel.swift */ = {isa = PBXFileReference; fileEncoding = 4; lastKnownFileType = sourcecode.swift; path = SpringLabel.swift; sourceTree = "<group>"; };
		290F5E5B1CED53A7001AEC33 /* SpringTextField.swift */ = {isa = PBXFileReference; fileEncoding = 4; lastKnownFileType = sourcecode.swift; path = SpringTextField.swift; sourceTree = "<group>"; };
		290F5E5C1CED53A7001AEC33 /* SpringTextView.swift */ = {isa = PBXFileReference; fileEncoding = 4; lastKnownFileType = sourcecode.swift; path = SpringTextView.swift; sourceTree = "<group>"; };
		290F5E5D1CED53A7001AEC33 /* SpringView.swift */ = {isa = PBXFileReference; fileEncoding = 4; lastKnownFileType = sourcecode.swift; path = SpringView.swift; sourceTree = "<group>"; };
		290F5E5E1CED53A7001AEC33 /* TransitionManager.swift */ = {isa = PBXFileReference; fileEncoding = 4; lastKnownFileType = sourcecode.swift; path = TransitionManager.swift; sourceTree = "<group>"; };
		290F5E5F1CED53A7001AEC33 /* TransitionZoom.swift */ = {isa = PBXFileReference; fileEncoding = 4; lastKnownFileType = sourcecode.swift; path = TransitionZoom.swift; sourceTree = "<group>"; };
		290F5E601CED53A7001AEC33 /* UnwindSegue.swift */ = {isa = PBXFileReference; fileEncoding = 4; lastKnownFileType = sourcecode.swift; path = UnwindSegue.swift; sourceTree = "<group>"; };
		2913E9721CEDA2DC00AD6707 /* TableViewController.swift */ = {isa = PBXFileReference; fileEncoding = 4; lastKnownFileType = sourcecode.swift; path = TableViewController.swift; sourceTree = "<group>"; };
		2945FFBB1CED82820081FE3C /* refugeeCell.swift */ = {isa = PBXFileReference; fileEncoding = 4; lastKnownFileType = sourcecode.swift; path = refugeeCell.swift; sourceTree = "<group>"; };
		2945FFBC1CED82820081FE3C /* refugeeCell.xib */ = {isa = PBXFileReference; fileEncoding = 4; lastKnownFileType = file.xib; path = refugeeCell.xib; sourceTree = "<group>"; };
		299552A91CED4505006DE0BB /* Displaced.app */ = {isa = PBXFileReference; explicitFileType = wrapper.application; includeInIndex = 0; path = Displaced.app; sourceTree = BUILT_PRODUCTS_DIR; };
		299552AC1CED4505006DE0BB /* AppDelegate.swift */ = {isa = PBXFileReference; lastKnownFileType = sourcecode.swift; path = AppDelegate.swift; sourceTree = "<group>"; };
		299552B11CED4505006DE0BB /* Base */ = {isa = PBXFileReference; lastKnownFileType = file.storyboard; name = Base; path = Base.lproj/Main.storyboard; sourceTree = "<group>"; };
		299552B31CED4506006DE0BB /* Assets.xcassets */ = {isa = PBXFileReference; lastKnownFileType = folder.assetcatalog; path = Assets.xcassets; sourceTree = "<group>"; };
		299552B61CED4506006DE0BB /* Base */ = {isa = PBXFileReference; lastKnownFileType = file.storyboard; name = Base; path = Base.lproj/LaunchScreen.storyboard; sourceTree = "<group>"; };
		299552B81CED4506006DE0BB /* Info.plist */ = {isa = PBXFileReference; lastKnownFileType = text.plist.xml; path = Info.plist; sourceTree = "<group>"; };
/* End PBXFileReference section */

/* Begin PBXFrameworksBuildPhase section */
		299552A61CED4505006DE0BB /* Frameworks */ = {
			isa = PBXFrameworksBuildPhase;
			buildActionMask = 2147483647;
			files = (
			);
			runOnlyForDeploymentPostprocessing = 0;
		};
/* End PBXFrameworksBuildPhase section */

/* Begin PBXGroup section */
		290F5E421CED53A7001AEC33 /* Spring */ = {
			isa = PBXGroup;
			children = (
				290F5E431CED53A7001AEC33 /* AsyncButton.swift */,
				290F5E441CED53A7001AEC33 /* AsyncImageView.swift */,
				290F5E451CED53A7001AEC33 /* AutoTextView.swift */,
				290F5E461CED53A7001AEC33 /* BlurView.swift */,
				290F5E471CED53A7001AEC33 /* DesignableButton.swift */,
				290F5E481CED53A7001AEC33 /* DesignableImageView.swift */,
				290F5E491CED53A7001AEC33 /* DesignableLabel.swift */,
				290F5E4A1CED53A7001AEC33 /* DesignableTabBarController.swift */,
				290F5E4B1CED53A7001AEC33 /* DesignableTextField.swift */,
				290F5E4C1CED53A7001AEC33 /* DesignableTextView.swift */,
				290F5E4D1CED53A7001AEC33 /* DesignableView.swift */,
				290F5E4E1CED53A7001AEC33 /* ImageLoader.swift */,
				290F5E4F1CED53A7001AEC33 /* Info.plist */,
				290F5E501CED53A7001AEC33 /* KeyboardLayoutConstraint.swift */,
				290F5E511CED53A7001AEC33 /* LoadingView.swift */,
				290F5E521CED53A7001AEC33 /* LoadingView.xib */,
				290F5E531CED53A7001AEC33 /* Misc.swift */,
				290F5E541CED53A7001AEC33 /* SoundPlayer.swift */,
				290F5E551CED53A7001AEC33 /* Spring.h */,
				290F5E561CED53A7001AEC33 /* Spring.swift */,
				290F5E571CED53A7001AEC33 /* SpringAnimation.swift */,
				290F5E581CED53A7001AEC33 /* SpringButton.swift */,
				290F5E591CED53A7001AEC33 /* SpringImageView.swift */,
				290F5E5A1CED53A7001AEC33 /* SpringLabel.swift */,
				290F5E5B1CED53A7001AEC33 /* SpringTextField.swift */,
				290F5E5C1CED53A7001AEC33 /* SpringTextView.swift */,
				290F5E5D1CED53A7001AEC33 /* SpringView.swift */,
				290F5E5E1CED53A7001AEC33 /* TransitionManager.swift */,
				290F5E5F1CED53A7001AEC33 /* TransitionZoom.swift */,
				290F5E601CED53A7001AEC33 /* UnwindSegue.swift */,
			);
			path = Spring;
			sourceTree = "<group>";
		};
		299552A01CED4505006DE0BB = {
			isa = PBXGroup;
			children = (
				299552AB1CED4505006DE0BB /* Displaced */,
				299552AA1CED4505006DE0BB /* Products */,
			);
			sourceTree = "<group>";
		};
		299552AA1CED4505006DE0BB /* Products */ = {
			isa = PBXGroup;
			children = (
				299552A91CED4505006DE0BB /* Displaced.app */,
			);
			name = Products;
			sourceTree = "<group>";
		};
		299552AB1CED4505006DE0BB /* Displaced */ = {
			isa = PBXGroup;
			children = (
				290F5E421CED53A7001AEC33 /* Spring */,
				299552AC1CED4505006DE0BB /* AppDelegate.swift */,
				2945FFBB1CED82820081FE3C /* refugeeCell.swift */,
				2913E9721CEDA2DC00AD6707 /* TableViewController.swift */,
				2945FFBC1CED82820081FE3C /* refugeeCell.xib */,
				299552B01CED4505006DE0BB /* Main.storyboard */,
				299552B31CED4506006DE0BB /* Assets.xcassets */,
				299552B51CED4506006DE0BB /* LaunchScreen.storyboard */,
				299552B81CED4506006DE0BB /* Info.plist */,
			);
			path = Displaced;
			sourceTree = "<group>";
		};
/* End PBXGroup section */

/* Begin PBXNativeTarget section */
		299552A81CED4505006DE0BB /* Displaced */ = {
			isa = PBXNativeTarget;
			buildConfigurationList = 299552BB1CED4506006DE0BB /* Build configuration list for PBXNativeTarget "Displaced" */;
			buildPhases = (
				299552A51CED4505006DE0BB /* Sources */,
				299552A61CED4505006DE0BB /* Frameworks */,
				299552A71CED4505006DE0BB /* Resources */,
			);
			buildRules = (
			);
			dependencies = (
			);
			name = Displaced;
			productName = Displaced;
			productReference = 299552A91CED4505006DE0BB /* Displaced.app */;
			productType = "com.apple.product-type.application";
		};
/* End PBXNativeTarget section */

/* Begin PBXProject section */
		299552A11CED4505006DE0BB /* Project object */ = {
			isa = PBXProject;
			attributes = {
				LastSwiftUpdateCheck = 0730;
				LastUpgradeCheck = 0730;
				ORGANIZATIONNAME = "Sahas D";
				TargetAttributes = {
					299552A81CED4505006DE0BB = {
						CreatedOnToolsVersion = 7.3.1;
					};
				};
			};
			buildConfigurationList = 299552A41CED4505006DE0BB /* Build configuration list for PBXProject "Displaced" */;
			compatibilityVersion = "Xcode 3.2";
			developmentRegion = English;
			hasScannedForEncodings = 0;
			knownRegions = (
				en,
				Base,
			);
			mainGroup = 299552A01CED4505006DE0BB;
			productRefGroup = 299552AA1CED4505006DE0BB /* Products */;
			projectDirPath = "";
			projectRoot = "";
			targets = (
				299552A81CED4505006DE0BB /* Displaced */,
			);
		};
/* End PBXProject section */

/* Begin PBXResourcesBuildPhase section */
		299552A71CED4505006DE0BB /* Resources */ = {
			isa = PBXResourcesBuildPhase;
			buildActionMask = 2147483647;
			files = (
				290F5E6D1CED53A7001AEC33 /* Info.plist in Resources */,
				299552B71CED4506006DE0BB /* LaunchScreen.storyboard in Resources */,
				299552B41CED4506006DE0BB /* Assets.xcassets in Resources */,
				2945FFBE1CED82820081FE3C /* refugeeCell.xib in Resources */,
				299552B21CED4505006DE0BB /* Main.storyboard in Resources */,
				290F5E701CED53A7001AEC33 /* LoadingView.xib in Resources */,
			);
			runOnlyForDeploymentPostprocessing = 0;
		};
/* End PBXResourcesBuildPhase section */

/* Begin PBXSourcesBuildPhase section */
		299552A51CED4505006DE0BB /* Sources */ = {
			isa = PBXSourcesBuildPhase;
			buildActionMask = 2147483647;
			files = (
				290F5E771CED53A7001AEC33 /* SpringLabel.swift in Sources */,
				2945FFBD1CED82820081FE3C /* refugeeCell.swift in Sources */,
				290F5E6C1CED53A7001AEC33 /* ImageLoader.swift in Sources */,
				290F5E711CED53A7001AEC33 /* Misc.swift in Sources */,
				290F5E661CED53A7001AEC33 /* DesignableImageView.swift in Sources */,
				290F5E761CED53A7001AEC33 /* SpringImageView.swift in Sources */,
				290F5E721CED53A7001AEC33 /* SoundPlayer.swift in Sources */,
				290F5E791CED53A7001AEC33 /* SpringTextView.swift in Sources */,
				299552AD1CED4505006DE0BB /* AppDelegate.swift in Sources */,
				290F5E6B1CED53A7001AEC33 /* DesignableView.swift in Sources */,
				290F5E741CED53A7001AEC33 /* SpringAnimation.swift in Sources */,
				290F5E731CED53A7001AEC33 /* Spring.swift in Sources */,
				290F5E6F1CED53A7001AEC33 /* LoadingView.swift in Sources */,
				2913E9731CEDA2DC00AD6707 /* TableViewController.swift in Sources */,
				290F5E781CED53A7001AEC33 /* SpringTextField.swift in Sources */,
				290F5E651CED53A7001AEC33 /* DesignableButton.swift in Sources */,
				290F5E691CED53A7001AEC33 /* DesignableTextField.swift in Sources */,
				290F5E611CED53A7001AEC33 /* AsyncButton.swift in Sources */,
				290F5E6E1CED53A7001AEC33 /* KeyboardLayoutConstraint.swift in Sources */,
				290F5E751CED53A7001AEC33 /* SpringButton.swift in Sources */,
				290F5E621CED53A7001AEC33 /* AsyncImageView.swift in Sources */,
				290F5E681CED53A7001AEC33 /* DesignableTabBarController.swift in Sources */,
				290F5E631CED53A7001AEC33 /* AutoTextView.swift in Sources */,
				290F5E6A1CED53A7001AEC33 /* DesignableTextView.swift in Sources */,
				290F5E671CED53A7001AEC33 /* DesignableLabel.swift in Sources */,
				290F5E7D1CED53A7001AEC33 /* UnwindSegue.swift in Sources */,
				290F5E7B1CED53A7001AEC33 /* TransitionManager.swift in Sources */,
				290F5E641CED53A7001AEC33 /* BlurView.swift in Sources */,
				290F5E7A1CED53A7001AEC33 /* SpringView.swift in Sources */,
				290F5E7C1CED53A7001AEC33 /* TransitionZoom.swift in Sources */,
			);
			runOnlyForDeploymentPostprocessing = 0;
		};
/* End PBXSourcesBuildPhase section */

/* Begin PBXVariantGroup section */
		299552B01CED4505006DE0BB /* Main.storyboard */ = {
			isa = PBXVariantGroup;
			children = (
				299552B11CED4505006DE0BB /* Base */,
			);
			name = Main.storyboard;
			sourceTree = "<group>";
		};
		299552B51CED4506006DE0BB /* LaunchScreen.storyboard */ = {
			isa = PBXVariantGroup;
			children = (
				299552B61CED4506006DE0BB /* Base */,
			);
			name = LaunchScreen.storyboard;
			sourceTree = "<group>";
		};
/* End PBXVariantGroup section */

/* Begin XCBuildConfiguration section */
		299552B91CED4506006DE0BB /* Debug */ = {
			isa = XCBuildConfiguration;
			buildSettings = {
				ALWAYS_SEARCH_USER_PATHS = NO;
				CLANG_ANALYZER_NONNULL = YES;
				CLANG_CXX_LANGUAGE_STANDARD = "gnu++0x";
				CLANG_CXX_LIBRARY = "libc++";
				CLANG_ENABLE_MODULES = YES;
				CLANG_ENABLE_OBJC_ARC = YES;
				CLANG_WARN_BOOL_CONVERSION = YES;
				CLANG_WARN_CONSTANT_CONVERSION = YES;
				CLANG_WARN_DIRECT_OBJC_ISA_USAGE = YES_ERROR;
				CLANG_WARN_EMPTY_BODY = YES;
				CLANG_WARN_ENUM_CONVERSION = YES;
				CLANG_WARN_INT_CONVERSION = YES;
				CLANG_WARN_OBJC_ROOT_CLASS = YES_ERROR;
				CLANG_WARN_UNREACHABLE_CODE = YES;
				CLANG_WARN__DUPLICATE_METHOD_MATCH = YES;
				"CODE_SIGN_IDENTITY[sdk=iphoneos*]" = "iPhone Developer";
				COPY_PHASE_STRIP = NO;
				DEBUG_INFORMATION_FORMAT = dwarf;
				ENABLE_STRICT_OBJC_MSGSEND = YES;
				ENABLE_TESTABILITY = YES;
				GCC_C_LANGUAGE_STANDARD = gnu99;
				GCC_DYNAMIC_NO_PIC = NO;
				GCC_NO_COMMON_BLOCKS = YES;
				GCC_OPTIMIZATION_LEVEL = 0;
				GCC_PREPROCESSOR_DEFINITIONS = (
					"DEBUG=1",
					"$(inherited)",
				);
				GCC_WARN_64_TO_32_BIT_CONVERSION = YES;
				GCC_WARN_ABOUT_RETURN_TYPE = YES_ERROR;
				GCC_WARN_UNDECLARED_SELECTOR = YES;
				GCC_WARN_UNINITIALIZED_AUTOS = YES_AGGRESSIVE;
				GCC_WARN_UNUSED_FUNCTION = YES;
				GCC_WARN_UNUSED_VARIABLE = YES;
				IPHONEOS_DEPLOYMENT_TARGET = 9.3;
				MTL_ENABLE_DEBUG_INFO = YES;
				ONLY_ACTIVE_ARCH = YES;
				SDKROOT = iphoneos;
				SWIFT_OPTIMIZATION_LEVEL = "-Onone";
			};
			name = Debug;
		};
		299552BA1CED4506006DE0BB /* Release */ = {
			isa = XCBuildConfiguration;
			buildSettings = {
				ALWAYS_SEARCH_USER_PATHS = NO;
				CLANG_ANALYZER_NONNULL = YES;
				CLANG_CXX_LANGUAGE_STANDARD = "gnu++0x";
				CLANG_CXX_LIBRARY = "libc++";
				CLANG_ENABLE_MODULES = YES;
				CLANG_ENABLE_OBJC_ARC = YES;
				CLANG_WARN_BOOL_CONVERSION = YES;
				CLANG_WARN_CONSTANT_CONVERSION = YES;
				CLANG_WARN_DIRECT_OBJC_ISA_USAGE = YES_ERROR;
				CLANG_WARN_EMPTY_BODY = YES;
				CLANG_WARN_ENUM_CONVERSION = YES;
				CLANG_WARN_INT_CONVERSION = YES;
				CLANG_WARN_OBJC_ROOT_CLASS = YES_ERROR;
				CLANG_WARN_UNREACHABLE_CODE = YES;
				CLANG_WARN__DUPLICATE_METHOD_MATCH = YES;
				"CODE_SIGN_IDENTITY[sdk=iphoneos*]" = "iPhone Developer";
				COPY_PHASE_STRIP = NO;
				DEBUG_INFORMATION_FORMAT = "dwarf-with-dsym";
				ENABLE_NS_ASSERTIONS = NO;
				ENABLE_STRICT_OBJC_MSGSEND = YES;
				GCC_C_LANGUAGE_STANDARD = gnu99;
				GCC_NO_COMMON_BLOCKS = YES;
				GCC_WARN_64_TO_32_BIT_CONVERSION = YES;
				GCC_WARN_ABOUT_RETURN_TYPE = YES_ERROR;
				GCC_WARN_UNDECLARED_SELECTOR = YES;
				GCC_WARN_UNINITIALIZED_AUTOS = YES_AGGRESSIVE;
				GCC_WARN_UNUSED_FUNCTION = YES;
				GCC_WARN_UNUSED_VARIABLE = YES;
				IPHONEOS_DEPLOYMENT_TARGET = 9.3;
				MTL_ENABLE_DEBUG_INFO = NO;
				SDKROOT = iphoneos;
				VALIDATE_PRODUCT = YES;
			};
			name = Release;
		};
		299552BC1CED4506006DE0BB /* Debug */ = {
			isa = XCBuildConfiguration;
			buildSettings = {
				ASSETCATALOG_COMPILER_APPICON_NAME = AppIcon;
				INFOPLIST_FILE = Displaced/Info.plist;
				LD_RUNPATH_SEARCH_PATHS = "$(inherited) @executable_path/Frameworks";
				PRODUCT_BUNDLE_IDENTIFIER = SD.Displaced;
				PRODUCT_NAME = "$(TARGET_NAME)";
			};
			name = Debug;
		};
		299552BD1CED4506006DE0BB /* Release */ = {
			isa = XCBuildConfiguration;
			buildSettings = {
				ASSETCATALOG_COMPILER_APPICON_NAME = AppIcon;
				INFOPLIST_FILE = Displaced/Info.plist;
				LD_RUNPATH_SEARCH_PATHS = "$(inherited) @executable_path/Frameworks";
				PRODUCT_BUNDLE_IDENTIFIER = SD.Displaced;
				PRODUCT_NAME = "$(TARGET_NAME)";
			};
			name = Release;
		};
/* End XCBuildConfiguration section */

/* Begin XCConfigurationList section */
		299552A41CED4505006DE0BB /* Build configuration list for PBXProject "Displaced" */ = {
			isa = XCConfigurationList;
			buildConfigurations = (
				299552B91CED4506006DE0BB /* Debug */,
				299552BA1CED4506006DE0BB /* Release */,
			);
			defaultConfigurationIsVisible = 0;
			defaultConfigurationName = Release;
		};
		299552BB1CED4506006DE0BB /* Build configuration list for PBXNativeTarget "Displaced" */ = {
			isa = XCConfigurationList;
			buildConfigurations = (
				299552BC1CED4506006DE0BB /* Debug */,
				299552BD1CED4506006DE0BB /* Release */,
			);
			defaultConfigurationIsVisible = 0;
			defaultConfigurationName = Release;
		};
/* End XCConfigurationList section */
	};
	rootObject = 299552A11CED4505006DE0BB /* Project object */;
}
